
Microsoft Visual Studio Solution File, Format Version 12.00
# Visual Studio Version 16
VisualStudioVersion = 16.0.30804.86
MinimumVisualStudioVersion = 10.0.40219.1
Project("{FAE04EC0-301F-11D3-BF4B-00C04F79EFBC}") = "DeviceProxy", "DeviceProxy\DeviceProxy.csproj", "{28395106-CFA4-4DF2-81E1-0A6D0F837E49}"
EndProject
Project("{FAE04EC0-301F-11D3-BF4B-00C04F79EFBC}") = "Demo", "Demo\Demo.csproj", "{F497CD1B-4B7D-4A28-A832-B2EFD196B663}"
	ProjectSection(ProjectDependencies) = postProject
		{28395106-CFA4-4DF2-81E1-0A6D0F837E49} = {28395106-CFA4-4DF2-81E1-0A6D0F837E49}
	EndProjectSection
EndProject
Global
	GlobalSection(SolutionConfigurationPlatforms) = preSolution
		Debug|Any CPU = Debug|Any CPU
		Release|Any CPU = Release|Any CPU
	EndGlobalSection
	GlobalSection(ProjectConfigurationPlatforms) = postSolution
		{28395106-CFA4-4DF2-81E1-0A6D0F837E49}.Debug|Any CPU.ActiveCfg = Debug|Any CPU
		{28395106-CFA4-4DF2-81E1-0A6D0F837E49}.Debug|Any CPU.Build.0 = Debug|Any CPU
		{28395106-CFA4-4DF2-81E1-0A6D0F837E49}.Release|Any CPU.ActiveCfg = Release|Any CPU
		{28395106-CFA4-4DF2-81E1-0A6D0F837E49}.Release|Any CPU.Build.0 = Release|Any CPU
		{F497CD1B-4B7D-4A28-A832-B2EFD196B663}.Debug|Any CPU.ActiveCfg = Debug|Any CPU
		{F497CD1B-4B7D-4A28-A832-B2EFD196B663}.Debug|Any CPU.Build.0 = Debug|Any CPU
		{F497CD1B-4B7D-4A28-A832-B2EFD196B663}.Release|Any CPU.ActiveCfg = Release|Any CPU
		{F497CD1B-4B7D-4A28-A832-B2EFD196B663}.Release|Any CPU.Build.0 = Release|Any CPU
	EndGlobalSection
	GlobalSection(SolutionProperties) = preSolution
		HideSolutionNode = FALSE
	EndGlobalSection
	GlobalSection(ExtensibilityGlobals) = postSolution
		SolutionGuid = {C542AA34-BE39-4E3C-87F8-7147036EB58A}
	EndGlobalSection
EndGlobal
